
Microsoft Visual Studio Solution File, Format Version 12.00
# Visual Studio 15
VisualStudioVersion = 15.0.27428.2043
MinimumVisualStudioVersion = 10.0.40219.1
Project("{FAE04EC0-301F-11D3-BF4B-00C04F79EFBC}") = "Nanoleaf.Client", "Nanoleaf.Client\Nanoleaf.Client.csproj", "{B01F708F-7827-4601-AC27-3292810685FD}"
EndProject
Project("{FAE04EC0-301F-11D3-BF4B-00C04F79EFBC}") = "Nanoleaf.Test", "Nanoleaf.Test\Nanoleaf.Test.csproj", "{4051CDEC-5EC1-47B5-8D55-DF4A293CBC37}"
EndProject
Global
	GlobalSection(SolutionConfigurationPlatforms) = preSolution
		Debug|Any CPU = Debug|Any CPU
		Release|Any CPU = Release|Any CPU
	EndGlobalSection
	GlobalSection(ProjectConfigurationPlatforms) = postSolution
		{B01F708F-7827-4601-AC27-3292810685FD}.Debug|Any CPU.ActiveCfg = Debug|Any CPU
		{B01F708F-7827-4601-AC27-3292810685FD}.Debug|Any CPU.Build.0 = Debug|Any CPU
		{B01F708F-7827-4601-AC27-3292810685FD}.Release|Any CPU.ActiveCfg = Release|Any CPU
		{B01F708F-7827-4601-AC27-3292810685FD}.Release|Any CPU.Build.0 = Release|Any CPU
		{4051CDEC-5EC1-47B5-8D55-DF4A293CBC37}.Debug|Any CPU.ActiveCfg = Debug|Any CPU
		{4051CDEC-5EC1-47B5-8D55-DF4A293CBC37}.Debug|Any CPU.Build.0 = Debug|Any CPU
		{4051CDEC-5EC1-47B5-8D55-DF4A293CBC37}.Release|Any CPU.ActiveCfg = Release|Any CPU
		{4051CDEC-5EC1-47B5-8D55-DF4A293CBC37}.Release|Any CPU.Build.0 = Release|Any CPU
	EndGlobalSection
	GlobalSection(SolutionProperties) = preSolution
		HideSolutionNode = FALSE
	EndGlobalSection
	GlobalSection(ExtensibilityGlobals) = postSolution
		SolutionGuid = {190C6198-FF19-4C18-9AFE-4A1CD8BDB956}
	EndGlobalSection
EndGlobal
